
Microsoft Visual Studio Solution File, Format Version 12.00
# Visual Studio Version 17
VisualStudioVersion = 17.11.35222.181
MinimumVisualStudioVersion = 10.0.40219.1
Project("{FAE04EC0-301F-11D3-BF4B-00C04F79EFBC}") = "Resturant", "Resturant.csproj", "{D43367B3-5BFC-49B9-BBB5-766A0240DC33}"
EndProject
Global
	GlobalSection(SolutionConfigurationPlatforms) = preSolution
		Debug|Any CPU = Debug|Any CPU
		Release|Any CPU = Release|Any CPU
	EndGlobalSection
	GlobalSection(ProjectConfigurationPlatforms) = postSolution
		{D43367B3-5BFC-49B9-BBB5-766A0240DC33}.Debug|Any CPU.ActiveCfg = Debug|Any CPU
		{D43367B3-5BFC-49B9-BBB5-766A0240DC33}.Debug|Any CPU.Build.0 = Debug|Any CPU
		{D43367B3-5BFC-49B9-BBB5-766A0240DC33}.Release|Any CPU.ActiveCfg = Release|Any CPU
		{D43367B3-5BFC-49B9-BBB5-766A0240DC33}.Release|Any CPU.Build.0 = Release|Any CPU
	EndGlobalSection
	GlobalSection(SolutionProperties) = preSolution
		HideSolutionNode = FALSE
	EndGlobalSection
	GlobalSection(ExtensibilityGlobals) = postSolution
		SolutionGuid = {91519AFA-76D3-4D83-AADB-F974A133BE84}
	EndGlobalSection
EndGlobal
